
Microsoft Visual Studio Solution File, Format Version 12.00
# Visual Studio Version 16
VisualStudioVersion = 16.0.31605.320
MinimumVisualStudioVersion = 10.0.40219.1
Project("{FAE04EC0-301F-11D3-BF4B-00C04F79EFBC}") = "RCP_reader", "RCP_reader\RCP_reader.csproj", "{0A1378E9-26A8-4C94-A3F1-1EEAACD6E2FE}"
EndProject
Global
	GlobalSection(SolutionConfigurationPlatforms) = preSolution
		Debug|Any CPU = Debug|Any CPU
		Release|Any CPU = Release|Any CPU
	EndGlobalSection
	GlobalSection(ProjectConfigurationPlatforms) = postSolution
		{0A1378E9-26A8-4C94-A3F1-1EEAACD6E2FE}.Debug|Any CPU.ActiveCfg = Debug|Any CPU
		{0A1378E9-26A8-4C94-A3F1-1EEAACD6E2FE}.Debug|Any CPU.Build.0 = Debug|Any CPU
		{0A1378E9-26A8-4C94-A3F1-1EEAACD6E2FE}.Release|Any CPU.ActiveCfg = Release|Any CPU
		{0A1378E9-26A8-4C94-A3F1-1EEAACD6E2FE}.Release|Any CPU.Build.0 = Release|Any CPU
	EndGlobalSection
	GlobalSection(SolutionProperties) = preSolution
		HideSolutionNode = FALSE
	EndGlobalSection
	GlobalSection(ExtensibilityGlobals) = postSolution
		SolutionGuid = {AAA6B875-EE03-4A4E-8604-392FB1FA698B}
	EndGlobalSection
EndGlobal
